{
  "name": "Fruits&&Vegetables",
  "lockfileVersion": 2,
  "requires": true,
  "packages": {
    "": {
      "dependencies": {
        "@vant/area-data": "^1.4.1"
      }
    },
    "node_modules/@vant/area-data": {
      "version": "1.4.1",
      "resolved": "https://registry.npmjs.org/@vant/area-data/-/area-data-1.4.1.tgz",
      "integrity": "sha512-D8zI/rfxREhnIKGoYzsEJZ73fte4JARhFeFftLIH7ynu1sPrCBEgPkLEbwPyvw3VC4JdSIuzaK5uOhu+BcoPXw=="
    }
  },
  "dependencies": {
    "@vant/area-data": {
      "version": "1.4.1",
      "resolved": "https://registry.npmjs.org/@vant/area-data/-/area-data-1.4.1.tgz",
      "integrity": "sha512-D8zI/rfxREhnIKGoYzsEJZ73fte4JARhFeFftLIH7ynu1sPrCBEgPkLEbwPyvw3VC4JdSIuzaK5uOhu+BcoPXw=="
    }
  }
}
